
Microsoft Visual Studio Solution File, Format Version 12.00
# Visual Studio Version 17
VisualStudioVersion = 17.0.31903.59
MinimumVisualStudioVersion = 10.0.40219.1
Project("{FAE04EC0-301F-11D3-BF4B-00C04F79EFBC}") = "DongHoLePhuocHai", "DongHoLePhuocHai\DongHoLePhuocHai.csproj", "{F63A6FCA-2671-4D50-9A7E-705EB64CAEF2}"
EndProject
Project("{FAE04EC0-301F-11D3-BF4B-00C04F79EFBC}") = "DongHoLePhuocHai.Api", "DongHoLePhuocHai.Api\DongHoLePhuocHai.Api.csproj", "{721DFC43-FB59-480B-8DC0-DEE917211C6B}"
EndProject
Global
	GlobalSection(SolutionConfigurationPlatforms) = preSolution
		Debug|Any CPU = Debug|Any CPU
		Release|Any CPU = Release|Any CPU
	EndGlobalSection
	GlobalSection(SolutionProperties) = preSolution
		HideSolutionNode = FALSE
	EndGlobalSection
	GlobalSection(ProjectConfigurationPlatforms) = postSolution
		{F63A6FCA-2671-4D50-9A7E-705EB64CAEF2}.Debug|Any CPU.ActiveCfg = Debug|Any CPU
		{F63A6FCA-2671-4D50-9A7E-705EB64CAEF2}.Debug|Any CPU.Build.0 = Debug|Any CPU
		{F63A6FCA-2671-4D50-9A7E-705EB64CAEF2}.Release|Any CPU.ActiveCfg = Release|Any CPU
		{F63A6FCA-2671-4D50-9A7E-705EB64CAEF2}.Release|Any CPU.Build.0 = Release|Any CPU
		{721DFC43-FB59-480B-8DC0-DEE917211C6B}.Debug|Any CPU.ActiveCfg = Debug|Any CPU
		{721DFC43-FB59-480B-8DC0-DEE917211C6B}.Debug|Any CPU.Build.0 = Debug|Any CPU
		{721DFC43-FB59-480B-8DC0-DEE917211C6B}.Release|Any CPU.ActiveCfg = Release|Any CPU
		{721DFC43-FB59-480B-8DC0-DEE917211C6B}.Release|Any CPU.Build.0 = Release|Any CPU
	EndGlobalSection
EndGlobal
